
Microsoft Visual Studio Solution File, Format Version 12.00
# Visual Studio Version 16
VisualStudioVersion = 16.0.31424.327
MinimumVisualStudioVersion = 10.0.40219.1
Project("{FAE04EC0-301F-11D3-BF4B-00C04F79EFBC}") = "DNAExtractionModule", "DNAExtractionModule.csproj", "{4CAED09C-E726-4879-88B7-359EE1C82434}"
EndProject
Global
	GlobalSection(SolutionConfigurationPlatforms) = preSolution
		Debug|x86 = Debug|x86
		Release|x86 = Release|x86
	EndGlobalSection
	GlobalSection(ProjectConfigurationPlatforms) = postSolution
		{4CAED09C-E726-4879-88B7-359EE1C82434}.Debug|x86.ActiveCfg = Debug|x86
		{4CAED09C-E726-4879-88B7-359EE1C82434}.Debug|x86.Build.0 = Debug|x86
		{4CAED09C-E726-4879-88B7-359EE1C82434}.Release|x86.ActiveCfg = Release|x86
		{4CAED09C-E726-4879-88B7-359EE1C82434}.Release|x86.Build.0 = Release|x86
	EndGlobalSection
	GlobalSection(SolutionProperties) = preSolution
		HideSolutionNode = FALSE
	EndGlobalSection
	GlobalSection(ExtensibilityGlobals) = postSolution
		SolutionGuid = {85F9E2FB-A4B9-4341-A78F-4F3CDF5818D9}
	EndGlobalSection
EndGlobal
